{
  "requires": true,
  "lockfileVersion": 1,
  "dependencies": {
    "rainbow-web-sdk": {
      "version": "1.64.3",
      "resolved": "https://registry.npmjs.org/rainbow-web-sdk/-/rainbow-web-sdk-1.64.3.tgz",
      "integrity": "sha512-8BO5sZdXf4b2USGwa12YcIAdIB19h2lcuoVk+/3f4VtYH4NnGeacPFem2PkSAgKjLCMXlln3H8P9KL/7hwyulw=="
    }
  }
}
